
Microsoft Visual Studio Solution File, Format Version 12.00
# Visual Studio 15
VisualStudioVersion = 15.0.26730.15
MinimumVisualStudioVersion = 10.0.40219.1
Project("{FAE04EC0-301F-11D3-BF4B-00C04F79EFBC}") = "BankingKata", "BankingKata\BankingKata.csproj", "{C6828B2C-3F5D-4F94-8681-2FB23B8534E0}"
EndProject
Project("{FAE04EC0-301F-11D3-BF4B-00C04F79EFBC}") = "BankingKata.UnitTests", "BankingKata.UnitTests\BankingKata.UnitTests.csproj", "{F4B0EF9E-1F46-4881-BEED-0BFCF31BB7FD}"
EndProject
Global
	GlobalSection(SolutionConfigurationPlatforms) = preSolution
		Debug|Any CPU = Debug|Any CPU
		Release|Any CPU = Release|Any CPU
	EndGlobalSection
	GlobalSection(ProjectConfigurationPlatforms) = postSolution
		{C6828B2C-3F5D-4F94-8681-2FB23B8534E0}.Debug|Any CPU.ActiveCfg = Debug|Any CPU
		{C6828B2C-3F5D-4F94-8681-2FB23B8534E0}.Debug|Any CPU.Build.0 = Debug|Any CPU
		{C6828B2C-3F5D-4F94-8681-2FB23B8534E0}.Release|Any CPU.ActiveCfg = Release|Any CPU
		{C6828B2C-3F5D-4F94-8681-2FB23B8534E0}.Release|Any CPU.Build.0 = Release|Any CPU
		{F4B0EF9E-1F46-4881-BEED-0BFCF31BB7FD}.Debug|Any CPU.ActiveCfg = Debug|Any CPU
		{F4B0EF9E-1F46-4881-BEED-0BFCF31BB7FD}.Debug|Any CPU.Build.0 = Debug|Any CPU
		{F4B0EF9E-1F46-4881-BEED-0BFCF31BB7FD}.Release|Any CPU.ActiveCfg = Release|Any CPU
		{F4B0EF9E-1F46-4881-BEED-0BFCF31BB7FD}.Release|Any CPU.Build.0 = Release|Any CPU
	EndGlobalSection
	GlobalSection(SolutionProperties) = preSolution
		HideSolutionNode = FALSE
	EndGlobalSection
	GlobalSection(ExtensibilityGlobals) = postSolution
		SolutionGuid = {E908194F-DEA7-458C-86AA-F61CB77A582E}
	EndGlobalSection
EndGlobal
